// !$*UTF8*$!
{
	archiveVersion = 1;
	classes = {
	};
	objectVersion = 50;
	objects = {

/* Begin PBXBuildFile section */
		7FE385219D7705C87E4DF40D /* Pods_Laboratory.framework in Frameworks */ = {isa = PBXBuildFile; fileRef = 0B1C97F30C58161CFE1CA1C7 /* Pods_Laboratory.framework */; };
		C34438632281DDFA0021168B /* AppDelegate.swift in Sources */ = {isa = PBXBuildFile; fileRef = C34438622281DDFA0021168B /* AppDelegate.swift */; };
		C34438682281DDFA0021168B /* Main.storyboard in Resources */ = {isa = PBXBuildFile; fileRef = C34438662281DDFA0021168B /* Main.storyboard */; };
		C344386A2281DDFC0021168B /* Assets.xcassets in Resources */ = {isa = PBXBuildFile; fileRef = C34438692281DDFC0021168B /* Assets.xcassets */; };
		C344386D2281DDFC0021168B /* LaunchScreen.storyboard in Resources */ = {isa = PBXBuildFile; fileRef = C344386B2281DDFC0021168B /* LaunchScreen.storyboard */; };
		C34438772281F7970021168B /* LabTVCell.swift in Sources */ = {isa = PBXBuildFile; fileRef = C34438752281F7970021168B /* LabTVCell.swift */; };
		C34438782281F7970021168B /* LabTVCell.xib in Resources */ = {isa = PBXBuildFile; fileRef = C34438762281F7970021168B /* LabTVCell.xib */; };
		C344387B2281FC9E0021168B /* LabListVC.swift in Sources */ = {isa = PBXBuildFile; fileRef = C344387A2281FC9E0021168B /* LabListVC.swift */; };
		C344387E2282041F0021168B /* Lab.swift in Sources */ = {isa = PBXBuildFile; fileRef = C344387D2282041F0021168B /* Lab.swift */; };
		C34438812282094A0021168B /* LabListVM.swift in Sources */ = {isa = PBXBuildFile; fileRef = C34438802282094A0021168B /* LabListVM.swift */; };
		C361E0FC2283258900938933 /* LabSvc.swift in Sources */ = {isa = PBXBuildFile; fileRef = C361E0FB2283258900938933 /* LabSvc.swift */; };
		C361E0FE22833EC800938933 /* LabCreateVC.swift in Sources */ = {isa = PBXBuildFile; fileRef = C361E0FD22833EC800938933 /* LabCreateVC.swift */; };
		C3A1C7E22283849C00966461 /* LabEquipmentTVCell.swift in Sources */ = {isa = PBXBuildFile; fileRef = C3A1C7E02283849C00966461 /* LabEquipmentTVCell.swift */; };
		C3A1C7E32283849C00966461 /* LabEquipmentTVCell.xib in Resources */ = {isa = PBXBuildFile; fileRef = C3A1C7E12283849C00966461 /* LabEquipmentTVCell.xib */; };
		C3A1C7E52283854D00966461 /* LabEquipmentVM.swift in Sources */ = {isa = PBXBuildFile; fileRef = C3A1C7E42283854D00966461 /* LabEquipmentVM.swift */; };
		C3A1C7E7228385B700966461 /* LabEquipment.swift in Sources */ = {isa = PBXBuildFile; fileRef = C3A1C7E6228385B700966461 /* LabEquipment.swift */; };
		C3C64F212284C6D300222828 /* GoogleService-Info.plist in Resources */ = {isa = PBXBuildFile; fileRef = C3C64F202284C6D300222828 /* GoogleService-Info.plist */; };
		C90035802296E96500471EE7 /* EnumAndType.swift in Sources */ = {isa = PBXBuildFile; fileRef = C900357F2296E96500471EE7 /* EnumAndType.swift */; };
		C90035832296EEEC00471EE7 /* AlertString.swift in Sources */ = {isa = PBXBuildFile; fileRef = C90035822296EEEC00471EE7 /* AlertString.swift */; };
		C900C39E229730C60053FDBD /* LabEquipmentEditVC.swift in Sources */ = {isa = PBXBuildFile; fileRef = C900C39D229730C60053FDBD /* LabEquipmentEditVC.swift */; };
		C9602490228CBB4700CC77A9 /* EquipmentInfoView.swift in Sources */ = {isa = PBXBuildFile; fileRef = C960248F228CBB4700CC77A9 /* EquipmentInfoView.swift */; };
		C9602492228CBC2800CC77A9 /* EquipmentInfoView.xib in Resources */ = {isa = PBXBuildFile; fileRef = C9602491228CBC2800CC77A9 /* EquipmentInfoView.xib */; };
		C96785C6228DB921005A523A /* EquipmentInfoVC.swift in Sources */ = {isa = PBXBuildFile; fileRef = C96785C5228DB921005A523A /* EquipmentInfoVC.swift */; };
		C97B114522949B5C00E90B46 /* FullEquipment.swift in Sources */ = {isa = PBXBuildFile; fileRef = C97B114422949B5C00E90B46 /* FullEquipment.swift */; };
		C97B11472294A4EB00E90B46 /* LabInfo.swift in Sources */ = {isa = PBXBuildFile; fileRef = C97B11462294A4EB00E90B46 /* LabInfo.swift */; };
		C97B11492294A57400E90B46 /* LabInfoVM.swift in Sources */ = {isa = PBXBuildFile; fileRef = C97B11482294A57400E90B46 /* LabInfoVM.swift */; };
		C9C6D3262295D75500D12D87 /* LabEquipmentSelectionVM.swift in Sources */ = {isa = PBXBuildFile; fileRef = C9C6D3252295D75500D12D87 /* LabEquipmentSelectionVM.swift */; };
		C9F43E74228F2B740049C68D /* LabInfoVC.swift in Sources */ = {isa = PBXBuildFile; fileRef = C9F43E73228F2B740049C68D /* LabInfoVC.swift */; };
		DE02CA4822924DA60078A993 /* LabEquipmentSelectionVC.swift in Sources */ = {isa = PBXBuildFile; fileRef = C3AEBCFF2285D2D50031DA3F /* LabEquipmentSelectionVC.swift */; };
		DE02CA4C229250D50078A993 /* ReuseId.swift in Sources */ = {isa = PBXBuildFile; fileRef = DE02CA4B229250D50078A993 /* ReuseId.swift */; };
		DE170D3B228883BE0086DB85 /* LabInfoView.swift in Sources */ = {isa = PBXBuildFile; fileRef = DE170D3A228883BE0086DB85 /* LabInfoView.swift */; };
		DE420945228BC15900ADFEA1 /* EquipmentListVC.swift in Sources */ = {isa = PBXBuildFile; fileRef = DE420944228BC15900ADFEA1 /* EquipmentListVC.swift */; };
		DE420947228BCA9B00ADFEA1 /* EquipmentSvc.swift in Sources */ = {isa = PBXBuildFile; fileRef = DE420946228BCA9B00ADFEA1 /* EquipmentSvc.swift */; };
		DE420949228BCC6A00ADFEA1 /* EquipmentInfoVM.swift in Sources */ = {isa = PBXBuildFile; fileRef = DE420948228BCC6A00ADFEA1 /* EquipmentInfoVM.swift */; };
		DE42094B228BCCF100ADFEA1 /* Equipment.swift in Sources */ = {isa = PBXBuildFile; fileRef = DE42094A228BCCF100ADFEA1 /* Equipment.swift */; };
		DE59D056229AFD7300E7FDF1 /* Color.swift in Sources */ = {isa = PBXBuildFile; fileRef = DE59D055229AFD7300E7FDF1 /* Color.swift */; };
		DE59D058229B501F00E7FDF1 /* EquipmentListVM.swift in Sources */ = {isa = PBXBuildFile; fileRef = DE59D057229B501F00E7FDF1 /* EquipmentListVM.swift */; };
		DE59D05C229B5C0700E7FDF1 /* LabVM.swift in Sources */ = {isa = PBXBuildFile; fileRef = DE59D05B229B5C0700E7FDF1 /* LabVM.swift */; };
		DE605A2622892E4E00D1B679 /* SimpleEquipmentTVCell.swift in Sources */ = {isa = PBXBuildFile; fileRef = DE605A2422892E4E00D1B679 /* SimpleEquipmentTVCell.swift */; };
		DE605A2722892E4E00D1B679 /* SimpleEquipmentTVCell.xib in Resources */ = {isa = PBXBuildFile; fileRef = DE605A2522892E4E00D1B679 /* SimpleEquipmentTVCell.xib */; };
		DE605A292289337800D1B679 /* SimpleEquipmentVM.swift in Sources */ = {isa = PBXBuildFile; fileRef = DE605A282289337800D1B679 /* SimpleEquipmentVM.swift */; };
		DE7AF431229A094F0008181E /* LayoutHelper.swift in Sources */ = {isa = PBXBuildFile; fileRef = DE7AF430229A094F0008181E /* LayoutHelper.swift */; };
		DE9629622287C81800E9EC8D /* LabInfoView.xib in Resources */ = {isa = PBXBuildFile; fileRef = DE9629612287C81800E9EC8D /* LabInfoView.xib */; };
		DEC45BEB2291006200F164BD /* SegueId.swift in Sources */ = {isa = PBXBuildFile; fileRef = DEC45BEA2291006200F164BD /* SegueId.swift */; };
/* End PBXBuildFile section */

/* Begin PBXFileReference section */
		0B1C97F30C58161CFE1CA1C7 /* Pods_Laboratory.framework */ = {isa = PBXFileReference; explicitFileType = wrapper.framework; includeInIndex = 0; path = Pods_Laboratory.framework; sourceTree = BUILT_PRODUCTS_DIR; };
		10E3DC84E0FAA2F2E16F3680 /* Pods-Laboratory.release.xcconfig */ = {isa = PBXFileReference; includeInIndex = 1; lastKnownFileType = text.xcconfig; name = "Pods-Laboratory.release.xcconfig"; path = "Target Support Files/Pods-Laboratory/Pods-Laboratory.release.xcconfig"; sourceTree = "<group>"; };
		1FDB943BA37C730DFBD050AC /* Pods-Laboratory.debug.xcconfig */ = {isa = PBXFileReference; includeInIndex = 1; lastKnownFileType = text.xcconfig; name = "Pods-Laboratory.debug.xcconfig"; path = "Target Support Files/Pods-Laboratory/Pods-Laboratory.debug.xcconfig"; sourceTree = "<group>"; };
		C344385F2281DDFA0021168B /* Laboratory.app */ = {isa = PBXFileReference; explicitFileType = wrapper.application; includeInIndex = 0; path = Laboratory.app; sourceTree = BUILT_PRODUCTS_DIR; };
		C34438622281DDFA0021168B /* AppDelegate.swift */ = {isa = PBXFileReference; lastKnownFileType = sourcecode.swift; path = AppDelegate.swift; sourceTree = "<group>"; };
		C34438672281DDFA0021168B /* Base */ = {isa = PBXFileReference; lastKnownFileType = file.storyboard; name = Base; path = Base.lproj/Main.storyboard; sourceTree = "<group>"; };
		C34438692281DDFC0021168B /* Assets.xcassets */ = {isa = PBXFileReference; lastKnownFileType = folder.assetcatalog; path = Assets.xcassets; sourceTree = "<group>"; };
		C344386C2281DDFC0021168B /* Base */ = {isa = PBXFileReference; lastKnownFileType = file.storyboard; name = Base; path = Base.lproj/LaunchScreen.storyboard; sourceTree = "<group>"; };
		C344386E2281DDFC0021168B /* Info.plist */ = {isa = PBXFileReference; lastKnownFileType = text.plist.xml; path = Info.plist; sourceTree = "<group>"; };
		C34438752281F7970021168B /* LabTVCell.swift */ = {isa = PBXFileReference; lastKnownFileType = sourcecode.swift; path = LabTVCell.swift; sourceTree = "<group>"; };
		C34438762281F7970021168B /* LabTVCell.xib */ = {isa = PBXFileReference; lastKnownFileType = file.xib; path = LabTVCell.xib; sourceTree = "<group>"; };
		C344387A2281FC9E0021168B /* LabListVC.swift */ = {isa = PBXFileReference; lastKnownFileType = sourcecode.swift; path = LabListVC.swift; sourceTree = "<group>"; };
		C344387D2282041F0021168B /* Lab.swift */ = {isa = PBXFileReference; lastKnownFileType = sourcecode.swift; path = Lab.swift; sourceTree = "<group>"; };
		C34438802282094A0021168B /* LabListVM.swift */ = {isa = PBXFileReference; lastKnownFileType = sourcecode.swift; path = LabListVM.swift; sourceTree = "<group>"; };
		C361E0FB2283258900938933 /* LabSvc.swift */ = {isa = PBXFileReference; lastKnownFileType = sourcecode.swift; path = LabSvc.swift; sourceTree = "<group>"; };
		C361E0FD22833EC800938933 /* LabCreateVC.swift */ = {isa = PBXFileReference; lastKnownFileType = sourcecode.swift; path = LabCreateVC.swift; sourceTree = "<group>"; };
		C3A1C7E02283849C00966461 /* LabEquipmentTVCell.swift */ = {isa = PBXFileReference; lastKnownFileType = sourcecode.swift; path = LabEquipmentTVCell.swift; sourceTree = "<group>"; };
		C3A1C7E12283849C00966461 /* LabEquipmentTVCell.xib */ = {isa = PBXFileReference; lastKnownFileType = file.xib; path = LabEquipmentTVCell.xib; sourceTree = "<group>"; };
		C3A1C7E42283854D00966461 /* LabEquipmentVM.swift */ = {isa = PBXFileReference; lastKnownFileType = sourcecode.swift; path = LabEquipmentVM.swift; sourceTree = "<group>"; };
		C3A1C7E6228385B700966461 /* LabEquipment.swift */ = {isa = PBXFileReference; lastKnownFileType = sourcecode.swift; path = LabEquipment.swift; sourceTree = "<group>"; };
		C3AEBCFF2285D2D50031DA3F /* LabEquipmentSelectionVC.swift */ = {isa = PBXFileReference; lastKnownFileType = sourcecode.swift; path = LabEquipmentSelectionVC.swift; sourceTree = "<group>"; };
		C3C64F202284C6D300222828 /* GoogleService-Info.plist */ = {isa = PBXFileReference; fileEncoding = 4; lastKnownFileType = text.plist.xml; path = "GoogleService-Info.plist"; sourceTree = "<group>"; };
		C900357F2296E96500471EE7 /* EnumAndType.swift */ = {isa = PBXFileReference; lastKnownFileType = sourcecode.swift; path = EnumAndType.swift; sourceTree = "<group>"; };
		C90035822296EEEC00471EE7 /* AlertString.swift */ = {isa = PBXFileReference; lastKnownFileType = sourcecode.swift; path = AlertString.swift; sourceTree = "<group>"; };
		C900C39D229730C60053FDBD /* LabEquipmentEditVC.swift */ = {isa = PBXFileReference; lastKnownFileType = sourcecode.swift; path = LabEquipmentEditVC.swift; sourceTree = "<group>"; };
		C960248F228CBB4700CC77A9 /* EquipmentInfoView.swift */ = {isa = PBXFileReference; lastKnownFileType = sourcecode.swift; path = EquipmentInfoView.swift; sourceTree = "<group>"; };
		C9602491228CBC2800CC77A9 /* EquipmentInfoView.xib */ = {isa = PBXFileReference; lastKnownFileType = file.xib; path = EquipmentInfoView.xib; sourceTree = "<group>"; };
		C96785C5228DB921005A523A /* EquipmentInfoVC.swift */ = {isa = PBXFileReference; lastKnownFileType = sourcecode.swift; path = EquipmentInfoVC.swift; sourceTree = "<group>"; };
		C97B114422949B5C00E90B46 /* FullEquipment.swift */ = {isa = PBXFileReference; lastKnownFileType = sourcecode.swift; path = FullEquipment.swift; sourceTree = "<group>"; };
		C97B11462294A4EB00E90B46 /* LabInfo.swift */ = {isa = PBXFileReference; lastKnownFileType = sourcecode.swift; path = LabInfo.swift; sourceTree = "<group>"; };
		C97B11482294A57400E90B46 /* LabInfoVM.swift */ = {isa = PBXFileReference; lastKnownFileType = sourcecode.swift; path = LabInfoVM.swift; sourceTree = "<group>"; };
		C9C6D3252295D75500D12D87 /* LabEquipmentSelectionVM.swift */ = {isa = PBXFileReference; lastKnownFileType = sourcecode.swift; path = LabEquipmentSelectionVM.swift; sourceTree = "<group>"; };
		C9F43E73228F2B740049C68D /* LabInfoVC.swift */ = {isa = PBXFileReference; lastKnownFileType = sourcecode.swift; path = LabInfoVC.swift; sourceTree = "<group>"; };
		DE02CA4B229250D50078A993 /* ReuseId.swift */ = {isa = PBXFileReference; lastKnownFileType = sourcecode.swift; path = ReuseId.swift; sourceTree = "<group>"; };
		DE170D3A228883BE0086DB85 /* LabInfoView.swift */ = {isa = PBXFileReference; lastKnownFileType = sourcecode.swift; path = LabInfoView.swift; sourceTree = "<group>"; };
		DE420944228BC15900ADFEA1 /* EquipmentListVC.swift */ = {isa = PBXFileReference; lastKnownFileType = sourcecode.swift; path = EquipmentListVC.swift; sourceTree = "<group>"; };
		DE420946228BCA9B00ADFEA1 /* EquipmentSvc.swift */ = {isa = PBXFileReference; lastKnownFileType = sourcecode.swift; path = EquipmentSvc.swift; sourceTree = "<group>"; };
		DE420948228BCC6A00ADFEA1 /* EquipmentInfoVM.swift */ = {isa = PBXFileReference; lastKnownFileType = sourcecode.swift; path = EquipmentInfoVM.swift; sourceTree = "<group>"; };
		DE42094A228BCCF100ADFEA1 /* Equipment.swift */ = {isa = PBXFileReference; lastKnownFileType = sourcecode.swift; path = Equipment.swift; sourceTree = "<group>"; };
		DE59D055229AFD7300E7FDF1 /* Color.swift */ = {isa = PBXFileReference; lastKnownFileType = sourcecode.swift; path = Color.swift; sourceTree = "<group>"; };
		DE59D057229B501F00E7FDF1 /* EquipmentListVM.swift */ = {isa = PBXFileReference; lastKnownFileType = sourcecode.swift; path = EquipmentListVM.swift; sourceTree = "<group>"; };
		DE59D05B229B5C0700E7FDF1 /* LabVM.swift */ = {isa = PBXFileReference; lastKnownFileType = sourcecode.swift; path = LabVM.swift; sourceTree = "<group>"; };
		DE605A2422892E4E00D1B679 /* SimpleEquipmentTVCell.swift */ = {isa = PBXFileReference; lastKnownFileType = sourcecode.swift; path = SimpleEquipmentTVCell.swift; sourceTree = "<group>"; };
		DE605A2522892E4E00D1B679 /* SimpleEquipmentTVCell.xib */ = {isa = PBXFileReference; lastKnownFileType = file.xib; path = SimpleEquipmentTVCell.xib; sourceTree = "<group>"; };
		DE605A282289337800D1B679 /* SimpleEquipmentVM.swift */ = {isa = PBXFileReference; lastKnownFileType = sourcecode.swift; path = SimpleEquipmentVM.swift; sourceTree = "<group>"; };
		DE7AF430229A094F0008181E /* LayoutHelper.swift */ = {isa = PBXFileReference; lastKnownFileType = sourcecode.swift; path = LayoutHelper.swift; sourceTree = "<group>"; };
		DE9629612287C81800E9EC8D /* LabInfoView.xib */ = {isa = PBXFileReference; lastKnownFileType = file.xib; path = LabInfoView.xib; sourceTree = "<group>"; };
		DEC45BEA2291006200F164BD /* SegueId.swift */ = {isa = PBXFileReference; lastKnownFileType = sourcecode.swift; path = SegueId.swift; sourceTree = "<group>"; };
/* End PBXFileReference section */

/* Begin PBXFrameworksBuildPhase section */
		C344385C2281DDFA0021168B /* Frameworks */ = {
			isa = PBXFrameworksBuildPhase;
			buildActionMask = 2147483647;
			files = (
				7FE385219D7705C87E4DF40D /* Pods_Laboratory.framework in Frameworks */,
			);
			runOnlyForDeploymentPostprocessing = 0;
		};
/* End PBXFrameworksBuildPhase section */

/* Begin PBXGroup section */
		17650FFA73020AE298122108 /* Pods */ = {
			isa = PBXGroup;
			children = (
				1FDB943BA37C730DFBD050AC /* Pods-Laboratory.debug.xcconfig */,
				10E3DC84E0FAA2F2E16F3680 /* Pods-Laboratory.release.xcconfig */,
			);
			path = Pods;
			sourceTree = "<group>";
		};
		47C19EBEBC9CCBED164DA046 /* Frameworks */ = {
			isa = PBXGroup;
			children = (
				0B1C97F30C58161CFE1CA1C7 /* Pods_Laboratory.framework */,
			);
			name = Frameworks;
			sourceTree = "<group>";
		};
		C34438562281DDFA0021168B = {
			isa = PBXGroup;
			children = (
				C34438612281DDFA0021168B /* Laboratory */,
				C34438602281DDFA0021168B /* Products */,
				17650FFA73020AE298122108 /* Pods */,
				47C19EBEBC9CCBED164DA046 /* Frameworks */,
			);
			sourceTree = "<group>";
		};
		C34438602281DDFA0021168B /* Products */ = {
			isa = PBXGroup;
			children = (
				C344385F2281DDFA0021168B /* Laboratory.app */,
			);
			name = Products;
			sourceTree = "<group>";
		};
		C34438612281DDFA0021168B /* Laboratory */ = {
			isa = PBXGroup;
			children = (
				C90035812296EE6F00471EE7 /* Constant */,
				DEC45BE92291004D00F164BD /* Util */,
				C92459DA228B3B9400AC2E13 /* Custom Class */,
				C3C64F202284C6D300222828 /* GoogleService-Info.plist */,
				C361E0FA2283254E00938933 /* Service */,
				C344387F228206A80021168B /* ViewModel */,
				C344387C228202AA0021168B /* Model */,
				C34438742281F6F10021168B /* View */,
				C34438792281FC370021168B /* Controller */,
				C34438622281DDFA0021168B /* AppDelegate.swift */,
				C34438662281DDFA0021168B /* Main.storyboard */,
				C34438692281DDFC0021168B /* Assets.xcassets */,
				C344386B2281DDFC0021168B /* LaunchScreen.storyboard */,
				C344386E2281DDFC0021168B /* Info.plist */,
			);
			path = Laboratory;
			sourceTree = "<group>";
		};
		C34438742281F6F10021168B /* View */ = {
			isa = PBXGroup;
			children = (
				C34438752281F7970021168B /* LabTVCell.swift */,
				C34438762281F7970021168B /* LabTVCell.xib */,
				C3A1C7E02283849C00966461 /* LabEquipmentTVCell.swift */,
				C3A1C7E12283849C00966461 /* LabEquipmentTVCell.xib */,
				DE9629612287C81800E9EC8D /* LabInfoView.xib */,
				DE170D3A228883BE0086DB85 /* LabInfoView.swift */,
				DE605A2422892E4E00D1B679 /* SimpleEquipmentTVCell.swift */,
				DE605A2522892E4E00D1B679 /* SimpleEquipmentTVCell.xib */,
				C960248F228CBB4700CC77A9 /* EquipmentInfoView.swift */,
				C9602491228CBC2800CC77A9 /* EquipmentInfoView.xib */,
			);
			path = View;
			sourceTree = "<group>";
		};
		C34438792281FC370021168B /* Controller */ = {
			isa = PBXGroup;
			children = (
				C344387A2281FC9E0021168B /* LabListVC.swift */,
				C361E0FD22833EC800938933 /* LabCreateVC.swift */,
				C3AEBCFF2285D2D50031DA3F /* LabEquipmentSelectionVC.swift */,
				DE420944228BC15900ADFEA1 /* EquipmentListVC.swift */,
				C96785C5228DB921005A523A /* EquipmentInfoVC.swift */,
				C9F43E73228F2B740049C68D /* LabInfoVC.swift */,
				C900C39D229730C60053FDBD /* LabEquipmentEditVC.swift */,
			);
			path = Controller;
			sourceTree = "<group>";
		};
		C344387C228202AA0021168B /* Model */ = {
			isa = PBXGroup;
			children = (
				C344387D2282041F0021168B /* Lab.swift */,
				C3A1C7E6228385B700966461 /* LabEquipment.swift */,
				DE42094A228BCCF100ADFEA1 /* Equipment.swift */,
				C97B114422949B5C00E90B46 /* FullEquipment.swift */,
				C97B11462294A4EB00E90B46 /* LabInfo.swift */,
			);
			path = Model;
			sourceTree = "<group>";
		};
		C344387F228206A80021168B /* ViewModel */ = {
			isa = PBXGroup;
			children = (
				DE59D05A229B58A700E7FDF1 /* ViewVM */,
				DE59D059229B587F00E7FDF1 /* ViewControllerVM */,
			);
			path = ViewModel;
			sourceTree = "<group>";
		};
		C361E0FA2283254E00938933 /* Service */ = {
			isa = PBXGroup;
			children = (
				C361E0FB2283258900938933 /* LabSvc.swift */,
				DE420946228BCA9B00ADFEA1 /* EquipmentSvc.swift */,
			);
			path = Service;
			sourceTree = "<group>";
		};
		C90035812296EE6F00471EE7 /* Constant */ = {
			isa = PBXGroup;
			children = (
				DEC45BEA2291006200F164BD /* SegueId.swift */,
				DE02CA4B229250D50078A993 /* ReuseId.swift */,
				C90035822296EEEC00471EE7 /* AlertString.swift */,
				DE59D055229AFD7300E7FDF1 /* Color.swift */,
			);
			path = Constant;
			sourceTree = "<group>";
		};
		C92459DA228B3B9400AC2E13 /* Custom Class */ = {
			isa = PBXGroup;
			children = (
			);
			path = "Custom Class";
			sourceTree = "<group>";
		};
		DE59D059229B587F00E7FDF1 /* ViewControllerVM */ = {
			isa = PBXGroup;
			children = (
				C34438802282094A0021168B /* LabListVM.swift */,
				DE59D057229B501F00E7FDF1 /* EquipmentListVM.swift */,
				C9C6D3252295D75500D12D87 /* LabEquipmentSelectionVM.swift */,
				C97B11482294A57400E90B46 /* LabInfoVM.swift */,
			);
			path = ViewControllerVM;
			sourceTree = "<group>";
		};
		DE59D05A229B58A700E7FDF1 /* ViewVM */ = {
			isa = PBXGroup;
			children = (
				DE605A282289337800D1B679 /* SimpleEquipmentVM.swift */,
				C3A1C7E42283854D00966461 /* LabEquipmentVM.swift */,
				DE420948228BCC6A00ADFEA1 /* EquipmentInfoVM.swift */,
				DE59D05B229B5C0700E7FDF1 /* LabVM.swift */,
			);
			path = ViewVM;
			sourceTree = "<group>";
		};
		DEC45BE92291004D00F164BD /* Util */ = {
			isa = PBXGroup;
			children = (
				C900357F2296E96500471EE7 /* EnumAndType.swift */,
				DE7AF430229A094F0008181E /* LayoutHelper.swift */,
			);
			path = Util;
			sourceTree = "<group>";
		};
/* End PBXGroup section */

/* Begin PBXNativeTarget section */
		C344385E2281DDFA0021168B /* Laboratory */ = {
			isa = PBXNativeTarget;
			buildConfigurationList = C34438712281DDFC0021168B /* Build configuration list for PBXNativeTarget "Laboratory" */;
			buildPhases = (
				3F62CFA73FDB12B48C9AFFED /* [CP] Check Pods Manifest.lock */,
				C344385B2281DDFA0021168B /* Sources */,
				C344385C2281DDFA0021168B /* Frameworks */,
				C344385D2281DDFA0021168B /* Resources */,
				A31AF45258D394B0884A2036 /* [CP] Embed Pods Frameworks */,
			);
			buildRules = (
			);
			dependencies = (
			);
			name = Laboratory;
			productName = Laboratory;
			productReference = C344385F2281DDFA0021168B /* Laboratory.app */;
			productType = "com.apple.product-type.application";
		};
/* End PBXNativeTarget section */

/* Begin PBXProject section */
		C34438572281DDFA0021168B /* Project object */ = {
			isa = PBXProject;
			attributes = {
				LastSwiftUpdateCheck = 1010;
				LastUpgradeCheck = 1010;
				ORGANIZATIONNAME = 2Letters;
				TargetAttributes = {
					C344385E2281DDFA0021168B = {
						CreatedOnToolsVersion = 10.1;
						LastSwiftMigration = 1020;
					};
				};
			};
			buildConfigurationList = C344385A2281DDFA0021168B /* Build configuration list for PBXProject "Laboratory" */;
			compatibilityVersion = "Xcode 9.3";
			developmentRegion = en;
			hasScannedForEncodings = 0;
			knownRegions = (
				en,
				Base,
			);
			mainGroup = C34438562281DDFA0021168B;
			productRefGroup = C34438602281DDFA0021168B /* Products */;
			projectDirPath = "";
			projectRoot = "";
			targets = (
				C344385E2281DDFA0021168B /* Laboratory */,
			);
		};
/* End PBXProject section */

/* Begin PBXResourcesBuildPhase section */
		C344385D2281DDFA0021168B /* Resources */ = {
			isa = PBXResourcesBuildPhase;
			buildActionMask = 2147483647;
			files = (
				DE605A2722892E4E00D1B679 /* SimpleEquipmentTVCell.xib in Resources */,
				C344386D2281DDFC0021168B /* LaunchScreen.storyboard in Resources */,
				C9602492228CBC2800CC77A9 /* EquipmentInfoView.xib in Resources */,
				DE9629622287C81800E9EC8D /* LabInfoView.xib in Resources */,
				C344386A2281DDFC0021168B /* Assets.xcassets in Resources */,
				C34438682281DDFA0021168B /* Main.storyboard in Resources */,
				C34438782281F7970021168B /* LabTVCell.xib in Resources */,
				C3A1C7E32283849C00966461 /* LabEquipmentTVCell.xib in Resources */,
				C3C64F212284C6D300222828 /* GoogleService-Info.plist in Resources */,
			);
			runOnlyForDeploymentPostprocessing = 0;
		};
/* End PBXResourcesBuildPhase section */

/* Begin PBXShellScriptBuildPhase section */
		3F62CFA73FDB12B48C9AFFED /* [CP] Check Pods Manifest.lock */ = {
			isa = PBXShellScriptBuildPhase;
			buildActionMask = 2147483647;
			files = (
			);
			inputFileListPaths = (
			);
			inputPaths = (
				"${PODS_PODFILE_DIR_PATH}/Podfile.lock",
				"${PODS_ROOT}/Manifest.lock",
			);
			name = "[CP] Check Pods Manifest.lock";
			outputFileListPaths = (
			);
			outputPaths = (
				"$(DERIVED_FILE_DIR)/Pods-Laboratory-checkManifestLockResult.txt",
			);
			runOnlyForDeploymentPostprocessing = 0;
			shellPath = /bin/sh;
			shellScript = "diff \"${PODS_PODFILE_DIR_PATH}/Podfile.lock\" \"${PODS_ROOT}/Manifest.lock\" > /dev/null\nif [ $? != 0 ] ; then\n    # print error to STDERR\n    echo \"error: The sandbox is not in sync with the Podfile.lock. Run 'pod install' or update your CocoaPods installation.\" >&2\n    exit 1\nfi\n# This output is used by Xcode 'outputs' to avoid re-running this script phase.\necho \"SUCCESS\" > \"${SCRIPT_OUTPUT_FILE_0}\"\n";
			showEnvVarsInLog = 0;
		};
		A31AF45258D394B0884A2036 /* [CP] Embed Pods Frameworks */ = {
			isa = PBXShellScriptBuildPhase;
			buildActionMask = 2147483647;
			files = (
			);
			inputFileListPaths = (
			);
			inputPaths = (
				"${PODS_ROOT}/Target Support Files/Pods-Laboratory/Pods-Laboratory-frameworks.sh",
				"${BUILT_PRODUCTS_DIR}/BoringSSL-GRPC/openssl_grpc.framework",
				"${BUILT_PRODUCTS_DIR}/GoogleUtilities/GoogleUtilities.framework",
				"${BUILT_PRODUCTS_DIR}/Protobuf/Protobuf.framework",
				"${BUILT_PRODUCTS_DIR}/RxCocoa/RxCocoa.framework",
				"${BUILT_PRODUCTS_DIR}/RxRelay/RxRelay.framework",
				"${BUILT_PRODUCTS_DIR}/RxSwift/RxSwift.framework",
				"${BUILT_PRODUCTS_DIR}/gRPC-C++/grpcpp.framework",
				"${BUILT_PRODUCTS_DIR}/gRPC-Core/grpc.framework",
				"${BUILT_PRODUCTS_DIR}/leveldb-library/leveldb.framework",
				"${BUILT_PRODUCTS_DIR}/nanopb/nanopb.framework",
			);
			name = "[CP] Embed Pods Frameworks";
			outputFileListPaths = (
			);
			outputPaths = (
				"${TARGET_BUILD_DIR}/${FRAMEWORKS_FOLDER_PATH}/openssl_grpc.framework",
				"${TARGET_BUILD_DIR}/${FRAMEWORKS_FOLDER_PATH}/GoogleUtilities.framework",
				"${TARGET_BUILD_DIR}/${FRAMEWORKS_FOLDER_PATH}/Protobuf.framework",
				"${TARGET_BUILD_DIR}/${FRAMEWORKS_FOLDER_PATH}/RxCocoa.framework",
				"${TARGET_BUILD_DIR}/${FRAMEWORKS_FOLDER_PATH}/RxRelay.framework",
				"${TARGET_BUILD_DIR}/${FRAMEWORKS_FOLDER_PATH}/RxSwift.framework",
				"${TARGET_BUILD_DIR}/${FRAMEWORKS_FOLDER_PATH}/grpcpp.framework",
				"${TARGET_BUILD_DIR}/${FRAMEWORKS_FOLDER_PATH}/grpc.framework",
				"${TARGET_BUILD_DIR}/${FRAMEWORKS_FOLDER_PATH}/leveldb.framework",
				"${TARGET_BUILD_DIR}/${FRAMEWORKS_FOLDER_PATH}/nanopb.framework",
			);
			runOnlyForDeploymentPostprocessing = 0;
			shellPath = /bin/sh;
			shellScript = "\"${PODS_ROOT}/Target Support Files/Pods-Laboratory/Pods-Laboratory-frameworks.sh\"\n";
			showEnvVarsInLog = 0;
		};
/* End PBXShellScriptBuildPhase section */

/* Begin PBXSourcesBuildPhase section */
		C344385B2281DDFA0021168B /* Sources */ = {
			isa = PBXSourcesBuildPhase;
			buildActionMask = 2147483647;
			files = (
				DE605A2622892E4E00D1B679 /* SimpleEquipmentTVCell.swift in Sources */,
				C97B11472294A4EB00E90B46 /* LabInfo.swift in Sources */,
				C9602490228CBB4700CC77A9 /* EquipmentInfoView.swift in Sources */,
				DE420949228BCC6A00ADFEA1 /* EquipmentInfoVM.swift in Sources */,
				DE170D3B228883BE0086DB85 /* LabInfoView.swift in Sources */,
				DE59D056229AFD7300E7FDF1 /* Color.swift in Sources */,
				DEC45BEB2291006200F164BD /* SegueId.swift in Sources */,
				C361E0FE22833EC800938933 /* LabCreateVC.swift in Sources */,
				C900C39E229730C60053FDBD /* LabEquipmentEditVC.swift in Sources */,
				DE420947228BCA9B00ADFEA1 /* EquipmentSvc.swift in Sources */,
				DE605A292289337800D1B679 /* SimpleEquipmentVM.swift in Sources */,
				C9C6D3262295D75500D12D87 /* LabEquipmentSelectionVM.swift in Sources */,
				DE59D05C229B5C0700E7FDF1 /* LabVM.swift in Sources */,
				DE7AF431229A094F0008181E /* LayoutHelper.swift in Sources */,
				C9F43E74228F2B740049C68D /* LabInfoVC.swift in Sources */,
				C344387B2281FC9E0021168B /* LabListVC.swift in Sources */,
				C3A1C7E7228385B700966461 /* LabEquipment.swift in Sources */,
				C34438772281F7970021168B /* LabTVCell.swift in Sources */,
				C344387E2282041F0021168B /* Lab.swift in Sources */,
				C96785C6228DB921005A523A /* EquipmentInfoVC.swift in Sources */,
				C361E0FC2283258900938933 /* LabSvc.swift in Sources */,
				C34438632281DDFA0021168B /* AppDelegate.swift in Sources */,
				C90035802296E96500471EE7 /* EnumAndType.swift in Sources */,
				DE42094B228BCCF100ADFEA1 /* Equipment.swift in Sources */,
				DE59D058229B501F00E7FDF1 /* EquipmentListVM.swift in Sources */,
				C3A1C7E22283849C00966461 /* LabEquipmentTVCell.swift in Sources */,
				C97B11492294A57400E90B46 /* LabInfoVM.swift in Sources */,
				C3A1C7E52283854D00966461 /* LabEquipmentVM.swift in Sources */,
				DE02CA4822924DA60078A993 /* LabEquipmentSelectionVC.swift in Sources */,
				DE02CA4C229250D50078A993 /* ReuseId.swift in Sources */,
				C34438812282094A0021168B /* LabListVM.swift in Sources */,
				DE420945228BC15900ADFEA1 /* EquipmentListVC.swift in Sources */,
				C90035832296EEEC00471EE7 /* AlertString.swift in Sources */,
				C97B114522949B5C00E90B46 /* FullEquipment.swift in Sources */,
			);
			runOnlyForDeploymentPostprocessing = 0;
		};
/* End PBXSourcesBuildPhase section */

/* Begin PBXVariantGroup section */
		C34438662281DDFA0021168B /* Main.storyboard */ = {
			isa = PBXVariantGroup;
			children = (
				C34438672281DDFA0021168B /* Base */,
			);
			name = Main.storyboard;
			sourceTree = "<group>";
		};
		C344386B2281DDFC0021168B /* LaunchScreen.storyboard */ = {
			isa = PBXVariantGroup;
			children = (
				C344386C2281DDFC0021168B /* Base */,
			);
			name = LaunchScreen.storyboard;
			sourceTree = "<group>";
		};
/* End PBXVariantGroup section */

/* Begin XCBuildConfiguration section */
		C344386F2281DDFC0021168B /* Debug */ = {
			isa = XCBuildConfiguration;
			buildSettings = {
				ALWAYS_SEARCH_USER_PATHS = NO;
				CLANG_ANALYZER_NONNULL = YES;
				CLANG_ANALYZER_NUMBER_OBJECT_CONVERSION = YES_AGGRESSIVE;
				CLANG_CXX_LANGUAGE_STANDARD = "gnu++14";
				CLANG_CXX_LIBRARY = "libc++";
				CLANG_ENABLE_MODULES = YES;
				CLANG_ENABLE_OBJC_ARC = YES;
				CLANG_ENABLE_OBJC_WEAK = YES;
				CLANG_WARN_BLOCK_CAPTURE_AUTORELEASING = YES;
				CLANG_WARN_BOOL_CONVERSION = YES;
				CLANG_WARN_COMMA = YES;
				CLANG_WARN_CONSTANT_CONVERSION = YES;
				CLANG_WARN_DEPRECATED_OBJC_IMPLEMENTATIONS = YES;
				CLANG_WARN_DIRECT_OBJC_ISA_USAGE = YES_ERROR;
				CLANG_WARN_DOCUMENTATION_COMMENTS = YES;
				CLANG_WARN_EMPTY_BODY = YES;
				CLANG_WARN_ENUM_CONVERSION = YES;
				CLANG_WARN_INFINITE_RECURSION = YES;
				CLANG_WARN_INT_CONVERSION = YES;
				CLANG_WARN_NON_LITERAL_NULL_CONVERSION = YES;
				CLANG_WARN_OBJC_IMPLICIT_RETAIN_SELF = YES;
				CLANG_WARN_OBJC_LITERAL_CONVERSION = YES;
				CLANG_WARN_OBJC_ROOT_CLASS = YES_ERROR;
				CLANG_WARN_RANGE_LOOP_ANALYSIS = YES;
				CLANG_WARN_STRICT_PROTOTYPES = YES;
				CLANG_WARN_SUSPICIOUS_MOVE = YES;
				CLANG_WARN_UNGUARDED_AVAILABILITY = YES_AGGRESSIVE;
				CLANG_WARN_UNREACHABLE_CODE = YES;
				CLANG_WARN__DUPLICATE_METHOD_MATCH = YES;
				CODE_SIGN_IDENTITY = "iPhone Developer";
				COPY_PHASE_STRIP = NO;
				DEBUG_INFORMATION_FORMAT = dwarf;
				ENABLE_STRICT_OBJC_MSGSEND = YES;
				ENABLE_TESTABILITY = YES;
				GCC_C_LANGUAGE_STANDARD = gnu11;
				GCC_DYNAMIC_NO_PIC = NO;
				GCC_NO_COMMON_BLOCKS = YES;
				GCC_OPTIMIZATION_LEVEL = 0;
				GCC_PREPROCESSOR_DEFINITIONS = (
					"DEBUG=1",
					"$(inherited)",
				);
				GCC_WARN_64_TO_32_BIT_CONVERSION = YES;
				GCC_WARN_ABOUT_RETURN_TYPE = YES_ERROR;
				GCC_WARN_UNDECLARED_SELECTOR = YES;
				GCC_WARN_UNINITIALIZED_AUTOS = YES_AGGRESSIVE;
				GCC_WARN_UNUSED_FUNCTION = YES;
				GCC_WARN_UNUSED_VARIABLE = YES;
				IPHONEOS_DEPLOYMENT_TARGET = 12.1;
				MTL_ENABLE_DEBUG_INFO = INCLUDE_SOURCE;
				MTL_FAST_MATH = YES;
				ONLY_ACTIVE_ARCH = YES;
				SDKROOT = iphoneos;
				SWIFT_ACTIVE_COMPILATION_CONDITIONS = DEBUG;
				SWIFT_OPTIMIZATION_LEVEL = "-Onone";
			};
			name = Debug;
		};
		C34438702281DDFC0021168B /* Release */ = {
			isa = XCBuildConfiguration;
			buildSettings = {
				ALWAYS_SEARCH_USER_PATHS = NO;
				CLANG_ANALYZER_NONNULL = YES;
				CLANG_ANALYZER_NUMBER_OBJECT_CONVERSION = YES_AGGRESSIVE;
				CLANG_CXX_LANGUAGE_STANDARD = "gnu++14";
				CLANG_CXX_LIBRARY = "libc++";
				CLANG_ENABLE_MODULES = YES;
				CLANG_ENABLE_OBJC_ARC = YES;
				CLANG_ENABLE_OBJC_WEAK = YES;
				CLANG_WARN_BLOCK_CAPTURE_AUTORELEASING = YES;
				CLANG_WARN_BOOL_CONVERSION = YES;
				CLANG_WARN_COMMA = YES;
				CLANG_WARN_CONSTANT_CONVERSION = YES;
				CLANG_WARN_DEPRECATED_OBJC_IMPLEMENTATIONS = YES;
				CLANG_WARN_DIRECT_OBJC_ISA_USAGE = YES_ERROR;
				CLANG_WARN_DOCUMENTATION_COMMENTS = YES;
				CLANG_WARN_EMPTY_BODY = YES;
				CLANG_WARN_ENUM_CONVERSION = YES;
				CLANG_WARN_INFINITE_RECURSION = YES;
				CLANG_WARN_INT_CONVERSION = YES;
				CLANG_WARN_NON_LITERAL_NULL_CONVERSION = YES;
				CLANG_WARN_OBJC_IMPLICIT_RETAIN_SELF = YES;
				CLANG_WARN_OBJC_LITERAL_CONVERSION = YES;
				CLANG_WARN_OBJC_ROOT_CLASS = YES_ERROR;
				CLANG_WARN_RANGE_LOOP_ANALYSIS = YES;
				CLANG_WARN_STRICT_PROTOTYPES = YES;
				CLANG_WARN_SUSPICIOUS_MOVE = YES;
				CLANG_WARN_UNGUARDED_AVAILABILITY = YES_AGGRESSIVE;
				CLANG_WARN_UNREACHABLE_CODE = YES;
				CLANG_WARN__DUPLICATE_METHOD_MATCH = YES;
				CODE_SIGN_IDENTITY = "iPhone Developer";
				COPY_PHASE_STRIP = NO;
				DEBUG_INFORMATION_FORMAT = "dwarf-with-dsym";
				ENABLE_NS_ASSERTIONS = NO;
				ENABLE_STRICT_OBJC_MSGSEND = YES;
				GCC_C_LANGUAGE_STANDARD = gnu11;
				GCC_NO_COMMON_BLOCKS = YES;
				GCC_WARN_64_TO_32_BIT_CONVERSION = YES;
				GCC_WARN_ABOUT_RETURN_TYPE = YES_ERROR;
				GCC_WARN_UNDECLARED_SELECTOR = YES;
				GCC_WARN_UNINITIALIZED_AUTOS = YES_AGGRESSIVE;
				GCC_WARN_UNUSED_FUNCTION = YES;
				GCC_WARN_UNUSED_VARIABLE = YES;
				IPHONEOS_DEPLOYMENT_TARGET = 12.1;
				MTL_ENABLE_DEBUG_INFO = NO;
				MTL_FAST_MATH = YES;
				SDKROOT = iphoneos;
				SWIFT_COMPILATION_MODE = wholemodule;
				SWIFT_OPTIMIZATION_LEVEL = "-O";
				VALIDATE_PRODUCT = YES;
			};
			name = Release;
		};
		C34438722281DDFC0021168B /* Debug */ = {
			isa = XCBuildConfiguration;
			baseConfigurationReference = 1FDB943BA37C730DFBD050AC /* Pods-Laboratory.debug.xcconfig */;
			buildSettings = {
				ASSETCATALOG_COMPILER_APPICON_NAME = AppIcon;
				CODE_SIGN_IDENTITY = "iPhone Developer";
				CODE_SIGN_STYLE = Automatic;
				DEVELOPMENT_TEAM = H63XNGVZ25;
				INFOPLIST_FILE = Laboratory/Info.plist;
				IPHONEOS_DEPLOYMENT_TARGET = 12.2;
				LD_RUNPATH_SEARCH_PATHS = (
					"$(inherited)",
					"@executable_path/Frameworks",
				);
				PRODUCT_BUNDLE_IDENTIFIER = twoletters.Laboratory;
				PRODUCT_NAME = "$(TARGET_NAME)";
				PROVISIONING_PROFILE_SPECIFIER = "";
				SWIFT_VERSION = 5.0;
				TARGETED_DEVICE_FAMILY = "1,2";
			};
			name = Debug;
		};
		C34438732281DDFC0021168B /* Release */ = {
			isa = XCBuildConfiguration;
			baseConfigurationReference = 10E3DC84E0FAA2F2E16F3680 /* Pods-Laboratory.release.xcconfig */;
			buildSettings = {
				ASSETCATALOG_COMPILER_APPICON_NAME = AppIcon;
				CODE_SIGN_IDENTITY = "iPhone Developer";
				CODE_SIGN_STYLE = Automatic;
				DEVELOPMENT_TEAM = H63XNGVZ25;
				INFOPLIST_FILE = Laboratory/Info.plist;
				IPHONEOS_DEPLOYMENT_TARGET = 12.2;
				LD_RUNPATH_SEARCH_PATHS = (
					"$(inherited)",
					"@executable_path/Frameworks",
				);
				PRODUCT_BUNDLE_IDENTIFIER = twoletters.Laboratory;
				PRODUCT_NAME = "$(TARGET_NAME)";
				PROVISIONING_PROFILE_SPECIFIER = "";
				SWIFT_VERSION = 5.0;
				TARGETED_DEVICE_FAMILY = "1,2";
			};
			name = Release;
		};
/* End XCBuildConfiguration section */

/* Begin XCConfigurationList section */
		C344385A2281DDFA0021168B /* Build configuration list for PBXProject "Laboratory" */ = {
			isa = XCConfigurationList;
			buildConfigurations = (
				C344386F2281DDFC0021168B /* Debug */,
				C34438702281DDFC0021168B /* Release */,
			);
			defaultConfigurationIsVisible = 0;
			defaultConfigurationName = Release;
		};
		C34438712281DDFC0021168B /* Build configuration list for PBXNativeTarget "Laboratory" */ = {
			isa = XCConfigurationList;
			buildConfigurations = (
				C34438722281DDFC0021168B /* Debug */,
				C34438732281DDFC0021168B /* Release */,
			);
			defaultConfigurationIsVisible = 0;
			defaultConfigurationName = Release;
		};
/* End XCConfigurationList section */
	};
	rootObject = C34438572281DDFA0021168B /* Project object */;
}
